
Microsoft Visual Studio Solution File, Format Version 12.00
# Visual Studio 15
VisualStudioVersion = 15.0.27004.2010
MinimumVisualStudioVersion = 10.0.40219.1
Project("{FAE04EC0-301F-11D3-BF4B-00C04F79EFBC}") = "AVTube", "AVTube\AVTube.csproj", "{9D9A0BDF-B769-4FB3-B310-0C3004384A9E}"
EndProject
Project("{FAE04EC0-301F-11D3-BF4B-00C04F79EFBC}") = "Test", "Test\Test.csproj", "{0805726E-15C9-46AD-B018-547A62D6C6A2}"
EndProject
Project("{FAE04EC0-301F-11D3-BF4B-00C04F79EFBC}") = "AVTube.Android", "AVTube.Android\AVTube.Android.csproj", "{B64FE5D5-F15B-40F9-8959-6AA324E2AE4C}"
EndProject
Project("{FAE04EC0-301F-11D3-BF4B-00C04F79EFBC}") = "AVTube.iOS", "AVTube.iOS\AVTube.iOS.csproj", "{F012B4AE-61B1-4FFA-BB2B-308843D4B066}"
EndProject
Project("{FAE04EC0-301F-11D3-BF4B-00C04F79EFBC}") = "Test.Android", "Test.Android\Test.Android.csproj", "{6E065DBE-180A-49E3-9A22-25DDAFDC6EB6}"
EndProject
Project("{FAE04EC0-301F-11D3-BF4B-00C04F79EFBC}") = "Test.iOS", "Test.iOS\Test.iOS.csproj", "{4C90A24C-5EF2-4F72-9AF3-E39AF497C385}"
EndProject
Global
	GlobalSection(SolutionConfigurationPlatforms) = preSolution
		Ad-Hoc|Any CPU = Ad-Hoc|Any CPU
		Ad-Hoc|iPhone = Ad-Hoc|iPhone
		Ad-Hoc|iPhoneSimulator = Ad-Hoc|iPhoneSimulator
		AppStore|Any CPU = AppStore|Any CPU
		AppStore|iPhone = AppStore|iPhone
		AppStore|iPhoneSimulator = AppStore|iPhoneSimulator
		Debug|Any CPU = Debug|Any CPU
		Debug|iPhone = Debug|iPhone
		Debug|iPhoneSimulator = Debug|iPhoneSimulator
		Release|Any CPU = Release|Any CPU
		Release|iPhone = Release|iPhone
		Release|iPhoneSimulator = Release|iPhoneSimulator
	EndGlobalSection
	GlobalSection(ProjectConfigurationPlatforms) = postSolution
		{9D9A0BDF-B769-4FB3-B310-0C3004384A9E}.Ad-Hoc|Any CPU.ActiveCfg = Release|Any CPU
		{9D9A0BDF-B769-4FB3-B310-0C3004384A9E}.Ad-Hoc|Any CPU.Build.0 = Release|Any CPU
		{9D9A0BDF-B769-4FB3-B310-0C3004384A9E}.Ad-Hoc|iPhone.ActiveCfg = Release|Any CPU
		{9D9A0BDF-B769-4FB3-B310-0C3004384A9E}.Ad-Hoc|iPhone.Build.0 = Release|Any CPU
		{9D9A0BDF-B769-4FB3-B310-0C3004384A9E}.Ad-Hoc|iPhoneSimulator.ActiveCfg = Release|Any CPU
		{9D9A0BDF-B769-4FB3-B310-0C3004384A9E}.Ad-Hoc|iPhoneSimulator.Build.0 = Release|Any CPU
		{9D9A0BDF-B769-4FB3-B310-0C3004384A9E}.AppStore|Any CPU.ActiveCfg = Release|Any CPU
		{9D9A0BDF-B769-4FB3-B310-0C3004384A9E}.AppStore|Any CPU.Build.0 = Release|Any CPU
		{9D9A0BDF-B769-4FB3-B310-0C3004384A9E}.AppStore|iPhone.ActiveCfg = Release|Any CPU
		{9D9A0BDF-B769-4FB3-B310-0C3004384A9E}.AppStore|iPhone.Build.0 = Release|Any CPU
		{9D9A0BDF-B769-4FB3-B310-0C3004384A9E}.AppStore|iPhoneSimulator.ActiveCfg = Release|Any CPU
		{9D9A0BDF-B769-4FB3-B310-0C3004384A9E}.AppStore|iPhoneSimulator.Build.0 = Release|Any CPU
		{9D9A0BDF-B769-4FB3-B310-0C3004384A9E}.Debug|Any CPU.ActiveCfg = Debug|Any CPU
		{9D9A0BDF-B769-4FB3-B310-0C3004384A9E}.Debug|Any CPU.Build.0 = Debug|Any CPU
		{9D9A0BDF-B769-4FB3-B310-0C3004384A9E}.Debug|iPhone.ActiveCfg = Debug|Any CPU
		{9D9A0BDF-B769-4FB3-B310-0C3004384A9E}.Debug|iPhone.Build.0 = Debug|Any CPU
		{9D9A0BDF-B769-4FB3-B310-0C3004384A9E}.Debug|iPhoneSimulator.ActiveCfg = Debug|Any CPU
		{9D9A0BDF-B769-4FB3-B310-0C3004384A9E}.Debug|iPhoneSimulator.Build.0 = Debug|Any CPU
		{9D9A0BDF-B769-4FB3-B310-0C3004384A9E}.Release|Any CPU.ActiveCfg = Release|Any CPU
		{9D9A0BDF-B769-4FB3-B310-0C3004384A9E}.Release|Any CPU.Build.0 = Release|Any CPU
		{9D9A0BDF-B769-4FB3-B310-0C3004384A9E}.Release|iPhone.ActiveCfg = Release|Any CPU
		{9D9A0BDF-B769-4FB3-B310-0C3004384A9E}.Release|iPhone.Build.0 = Release|Any CPU
		{9D9A0BDF-B769-4FB3-B310-0C3004384A9E}.Release|iPhoneSimulator.ActiveCfg = Release|Any CPU
		{9D9A0BDF-B769-4FB3-B310-0C3004384A9E}.Release|iPhoneSimulator.Build.0 = Release|Any CPU
		{0805726E-15C9-46AD-B018-547A62D6C6A2}.Ad-Hoc|Any CPU.ActiveCfg = Release|Any CPU
		{0805726E-15C9-46AD-B018-547A62D6C6A2}.Ad-Hoc|Any CPU.Build.0 = Release|Any CPU
		{0805726E-15C9-46AD-B018-547A62D6C6A2}.Ad-Hoc|iPhone.ActiveCfg = Release|Any CPU
		{0805726E-15C9-46AD-B018-547A62D6C6A2}.Ad-Hoc|iPhone.Build.0 = Release|Any CPU
		{0805726E-15C9-46AD-B018-547A62D6C6A2}.Ad-Hoc|iPhoneSimulator.ActiveCfg = Release|Any CPU
		{0805726E-15C9-46AD-B018-547A62D6C6A2}.Ad-Hoc|iPhoneSimulator.Build.0 = Release|Any CPU
		{0805726E-15C9-46AD-B018-547A62D6C6A2}.AppStore|Any CPU.ActiveCfg = Release|Any CPU
		{0805726E-15C9-46AD-B018-547A62D6C6A2}.AppStore|Any CPU.Build.0 = Release|Any CPU
		{0805726E-15C9-46AD-B018-547A62D6C6A2}.AppStore|iPhone.ActiveCfg = Release|Any CPU
		{0805726E-15C9-46AD-B018-547A62D6C6A2}.AppStore|iPhone.Build.0 = Release|Any CPU
		{0805726E-15C9-46AD-B018-547A62D6C6A2}.AppStore|iPhoneSimulator.ActiveCfg = Release|Any CPU
		{0805726E-15C9-46AD-B018-547A62D6C6A2}.AppStore|iPhoneSimulator.Build.0 = Release|Any CPU
		{0805726E-15C9-46AD-B018-547A62D6C6A2}.Debug|Any CPU.ActiveCfg = Debug|Any CPU
		{0805726E-15C9-46AD-B018-547A62D6C6A2}.Debug|Any CPU.Build.0 = Debug|Any CPU
		{0805726E-15C9-46AD-B018-547A62D6C6A2}.Debug|iPhone.ActiveCfg = Debug|Any CPU
		{0805726E-15C9-46AD-B018-547A62D6C6A2}.Debug|iPhone.Build.0 = Debug|Any CPU
		{0805726E-15C9-46AD-B018-547A62D6C6A2}.Debug|iPhoneSimulator.ActiveCfg = Debug|Any CPU
		{0805726E-15C9-46AD-B018-547A62D6C6A2}.Debug|iPhoneSimulator.Build.0 = Debug|Any CPU
		{0805726E-15C9-46AD-B018-547A62D6C6A2}.Release|Any CPU.ActiveCfg = Release|Any CPU
		{0805726E-15C9-46AD-B018-547A62D6C6A2}.Release|Any CPU.Build.0 = Release|Any CPU
		{0805726E-15C9-46AD-B018-547A62D6C6A2}.Release|iPhone.ActiveCfg = Release|Any CPU
		{0805726E-15C9-46AD-B018-547A62D6C6A2}.Release|iPhone.Build.0 = Release|Any CPU
		{0805726E-15C9-46AD-B018-547A62D6C6A2}.Release|iPhoneSimulator.ActiveCfg = Release|Any CPU
		{0805726E-15C9-46AD-B018-547A62D6C6A2}.Release|iPhoneSimulator.Build.0 = Release|Any CPU
		{B64FE5D5-F15B-40F9-8959-6AA324E2AE4C}.Ad-Hoc|Any CPU.ActiveCfg = Release|Any CPU
		{B64FE5D5-F15B-40F9-8959-6AA324E2AE4C}.Ad-Hoc|Any CPU.Build.0 = Release|Any CPU
		{B64FE5D5-F15B-40F9-8959-6AA324E2AE4C}.Ad-Hoc|iPhone.ActiveCfg = Release|Any CPU
		{B64FE5D5-F15B-40F9-8959-6AA324E2AE4C}.Ad-Hoc|iPhone.Build.0 = Release|Any CPU
		{B64FE5D5-F15B-40F9-8959-6AA324E2AE4C}.Ad-Hoc|iPhoneSimulator.ActiveCfg = Release|Any CPU
		{B64FE5D5-F15B-40F9-8959-6AA324E2AE4C}.Ad-Hoc|iPhoneSimulator.Build.0 = Release|Any CPU
		{B64FE5D5-F15B-40F9-8959-6AA324E2AE4C}.AppStore|Any CPU.ActiveCfg = Release|Any CPU
		{B64FE5D5-F15B-40F9-8959-6AA324E2AE4C}.AppStore|Any CPU.Build.0 = Release|Any CPU
		{B64FE5D5-F15B-40F9-8959-6AA324E2AE4C}.AppStore|iPhone.ActiveCfg = Release|Any CPU
		{B64FE5D5-F15B-40F9-8959-6AA324E2AE4C}.AppStore|iPhone.Build.0 = Release|Any CPU
		{B64FE5D5-F15B-40F9-8959-6AA324E2AE4C}.AppStore|iPhoneSimulator.ActiveCfg = Release|Any CPU
		{B64FE5D5-F15B-40F9-8959-6AA324E2AE4C}.AppStore|iPhoneSimulator.Build.0 = Release|Any CPU
		{B64FE5D5-F15B-40F9-8959-6AA324E2AE4C}.Debug|Any CPU.ActiveCfg = Debug|Any CPU
		{B64FE5D5-F15B-40F9-8959-6AA324E2AE4C}.Debug|Any CPU.Build.0 = Debug|Any CPU
		{B64FE5D5-F15B-40F9-8959-6AA324E2AE4C}.Debug|iPhone.ActiveCfg = Debug|Any CPU
		{B64FE5D5-F15B-40F9-8959-6AA324E2AE4C}.Debug|iPhone.Build.0 = Debug|Any CPU
		{B64FE5D5-F15B-40F9-8959-6AA324E2AE4C}.Debug|iPhoneSimulator.ActiveCfg = Debug|Any CPU
		{B64FE5D5-F15B-40F9-8959-6AA324E2AE4C}.Debug|iPhoneSimulator.Build.0 = Debug|Any CPU
		{B64FE5D5-F15B-40F9-8959-6AA324E2AE4C}.Release|Any CPU.ActiveCfg = Release|Any CPU
		{B64FE5D5-F15B-40F9-8959-6AA324E2AE4C}.Release|Any CPU.Build.0 = Release|Any CPU
		{B64FE5D5-F15B-40F9-8959-6AA324E2AE4C}.Release|iPhone.ActiveCfg = Release|Any CPU
		{B64FE5D5-F15B-40F9-8959-6AA324E2AE4C}.Release|iPhone.Build.0 = Release|Any CPU
		{B64FE5D5-F15B-40F9-8959-6AA324E2AE4C}.Release|iPhoneSimulator.ActiveCfg = Release|Any CPU
		{B64FE5D5-F15B-40F9-8959-6AA324E2AE4C}.Release|iPhoneSimulator.Build.0 = Release|Any CPU
		{F012B4AE-61B1-4FFA-BB2B-308843D4B066}.Ad-Hoc|Any CPU.ActiveCfg = Release|Any CPU
		{F012B4AE-61B1-4FFA-BB2B-308843D4B066}.Ad-Hoc|Any CPU.Build.0 = Release|Any CPU
		{F012B4AE-61B1-4FFA-BB2B-308843D4B066}.Ad-Hoc|iPhone.ActiveCfg = Release|Any CPU
		{F012B4AE-61B1-4FFA-BB2B-308843D4B066}.Ad-Hoc|iPhone.Build.0 = Release|Any CPU
		{F012B4AE-61B1-4FFA-BB2B-308843D4B066}.Ad-Hoc|iPhoneSimulator.ActiveCfg = Release|Any CPU
		{F012B4AE-61B1-4FFA-BB2B-308843D4B066}.Ad-Hoc|iPhoneSimulator.Build.0 = Release|Any CPU
		{F012B4AE-61B1-4FFA-BB2B-308843D4B066}.AppStore|Any CPU.ActiveCfg = Release|Any CPU
		{F012B4AE-61B1-4FFA-BB2B-308843D4B066}.AppStore|Any CPU.Build.0 = Release|Any CPU
		{F012B4AE-61B1-4FFA-BB2B-308843D4B066}.AppStore|iPhone.ActiveCfg = Release|Any CPU
		{F012B4AE-61B1-4FFA-BB2B-308843D4B066}.AppStore|iPhone.Build.0 = Release|Any CPU
		{F012B4AE-61B1-4FFA-BB2B-308843D4B066}.AppStore|iPhoneSimulator.ActiveCfg = Release|Any CPU
		{F012B4AE-61B1-4FFA-BB2B-308843D4B066}.AppStore|iPhoneSimulator.Build.0 = Release|Any CPU
		{F012B4AE-61B1-4FFA-BB2B-308843D4B066}.Debug|Any CPU.ActiveCfg = Debug|Any CPU
		{F012B4AE-61B1-4FFA-BB2B-308843D4B066}.Debug|Any CPU.Build.0 = Debug|Any CPU
		{F012B4AE-61B1-4FFA-BB2B-308843D4B066}.Debug|iPhone.ActiveCfg = Debug|Any CPU
		{F012B4AE-61B1-4FFA-BB2B-308843D4B066}.Debug|iPhone.Build.0 = Debug|Any CPU
		{F012B4AE-61B1-4FFA-BB2B-308843D4B066}.Debug|iPhoneSimulator.ActiveCfg = Debug|Any CPU
		{F012B4AE-61B1-4FFA-BB2B-308843D4B066}.Debug|iPhoneSimulator.Build.0 = Debug|Any CPU
		{F012B4AE-61B1-4FFA-BB2B-308843D4B066}.Release|Any CPU.ActiveCfg = Release|Any CPU
		{F012B4AE-61B1-4FFA-BB2B-308843D4B066}.Release|Any CPU.Build.0 = Release|Any CPU
		{F012B4AE-61B1-4FFA-BB2B-308843D4B066}.Release|iPhone.ActiveCfg = Release|Any CPU
		{F012B4AE-61B1-4FFA-BB2B-308843D4B066}.Release|iPhone.Build.0 = Release|Any CPU
		{F012B4AE-61B1-4FFA-BB2B-308843D4B066}.Release|iPhoneSimulator.ActiveCfg = Release|Any CPU
		{F012B4AE-61B1-4FFA-BB2B-308843D4B066}.Release|iPhoneSimulator.Build.0 = Release|Any CPU
		{6E065DBE-180A-49E3-9A22-25DDAFDC6EB6}.Ad-Hoc|Any CPU.ActiveCfg = Release|Any CPU
		{6E065DBE-180A-49E3-9A22-25DDAFDC6EB6}.Ad-Hoc|Any CPU.Build.0 = Release|Any CPU
		{6E065DBE-180A-49E3-9A22-25DDAFDC6EB6}.Ad-Hoc|Any CPU.Deploy.0 = Release|Any CPU
		{6E065DBE-180A-49E3-9A22-25DDAFDC6EB6}.Ad-Hoc|iPhone.ActiveCfg = Release|Any CPU
		{6E065DBE-180A-49E3-9A22-25DDAFDC6EB6}.Ad-Hoc|iPhone.Build.0 = Release|Any CPU
		{6E065DBE-180A-49E3-9A22-25DDAFDC6EB6}.Ad-Hoc|iPhone.Deploy.0 = Release|Any CPU
		{6E065DBE-180A-49E3-9A22-25DDAFDC6EB6}.Ad-Hoc|iPhoneSimulator.ActiveCfg = Release|Any CPU
		{6E065DBE-180A-49E3-9A22-25DDAFDC6EB6}.Ad-Hoc|iPhoneSimulator.Build.0 = Release|Any CPU
		{6E065DBE-180A-49E3-9A22-25DDAFDC6EB6}.Ad-Hoc|iPhoneSimulator.Deploy.0 = Release|Any CPU
		{6E065DBE-180A-49E3-9A22-25DDAFDC6EB6}.AppStore|Any CPU.ActiveCfg = Release|Any CPU
		{6E065DBE-180A-49E3-9A22-25DDAFDC6EB6}.AppStore|Any CPU.Build.0 = Release|Any CPU
		{6E065DBE-180A-49E3-9A22-25DDAFDC6EB6}.AppStore|Any CPU.Deploy.0 = Release|Any CPU
		{6E065DBE-180A-49E3-9A22-25DDAFDC6EB6}.AppStore|iPhone.ActiveCfg = Release|Any CPU
		{6E065DBE-180A-49E3-9A22-25DDAFDC6EB6}.AppStore|iPhone.Build.0 = Release|Any CPU
		{6E065DBE-180A-49E3-9A22-25DDAFDC6EB6}.AppStore|iPhone.Deploy.0 = Release|Any CPU
		{6E065DBE-180A-49E3-9A22-25DDAFDC6EB6}.AppStore|iPhoneSimulator.ActiveCfg = Release|Any CPU
		{6E065DBE-180A-49E3-9A22-25DDAFDC6EB6}.AppStore|iPhoneSimulator.Build.0 = Release|Any CPU
		{6E065DBE-180A-49E3-9A22-25DDAFDC6EB6}.AppStore|iPhoneSimulator.Deploy.0 = Release|Any CPU
		{6E065DBE-180A-49E3-9A22-25DDAFDC6EB6}.Debug|Any CPU.ActiveCfg = Debug|Any CPU
		{6E065DBE-180A-49E3-9A22-25DDAFDC6EB6}.Debug|Any CPU.Build.0 = Debug|Any CPU
		{6E065DBE-180A-49E3-9A22-25DDAFDC6EB6}.Debug|Any CPU.Deploy.0 = Debug|Any CPU
		{6E065DBE-180A-49E3-9A22-25DDAFDC6EB6}.Debug|iPhone.ActiveCfg = Debug|Any CPU
		{6E065DBE-180A-49E3-9A22-25DDAFDC6EB6}.Debug|iPhone.Build.0 = Debug|Any CPU
		{6E065DBE-180A-49E3-9A22-25DDAFDC6EB6}.Debug|iPhone.Deploy.0 = Debug|Any CPU
		{6E065DBE-180A-49E3-9A22-25DDAFDC6EB6}.Debug|iPhoneSimulator.ActiveCfg = Debug|Any CPU
		{6E065DBE-180A-49E3-9A22-25DDAFDC6EB6}.Debug|iPhoneSimulator.Build.0 = Debug|Any CPU
		{6E065DBE-180A-49E3-9A22-25DDAFDC6EB6}.Debug|iPhoneSimulator.Deploy.0 = Debug|Any CPU
		{6E065DBE-180A-49E3-9A22-25DDAFDC6EB6}.Release|Any CPU.ActiveCfg = Release|Any CPU
		{6E065DBE-180A-49E3-9A22-25DDAFDC6EB6}.Release|Any CPU.Build.0 = Release|Any CPU
		{6E065DBE-180A-49E3-9A22-25DDAFDC6EB6}.Release|Any CPU.Deploy.0 = Release|Any CPU
		{6E065DBE-180A-49E3-9A22-25DDAFDC6EB6}.Release|iPhone.ActiveCfg = Release|Any CPU
		{6E065DBE-180A-49E3-9A22-25DDAFDC6EB6}.Release|iPhone.Build.0 = Release|Any CPU
		{6E065DBE-180A-49E3-9A22-25DDAFDC6EB6}.Release|iPhone.Deploy.0 = Release|Any CPU
		{6E065DBE-180A-49E3-9A22-25DDAFDC6EB6}.Release|iPhoneSimulator.ActiveCfg = Release|Any CPU
		{6E065DBE-180A-49E3-9A22-25DDAFDC6EB6}.Release|iPhoneSimulator.Build.0 = Release|Any CPU
		{6E065DBE-180A-49E3-9A22-25DDAFDC6EB6}.Release|iPhoneSimulator.Deploy.0 = Release|Any CPU
		{4C90A24C-5EF2-4F72-9AF3-E39AF497C385}.Ad-Hoc|Any CPU.ActiveCfg = Ad-Hoc|iPhone
		{4C90A24C-5EF2-4F72-9AF3-E39AF497C385}.Ad-Hoc|iPhone.ActiveCfg = Ad-Hoc|iPhone
		{4C90A24C-5EF2-4F72-9AF3-E39AF497C385}.Ad-Hoc|iPhone.Build.0 = Ad-Hoc|iPhone
		{4C90A24C-5EF2-4F72-9AF3-E39AF497C385}.Ad-Hoc|iPhoneSimulator.ActiveCfg = Ad-Hoc|iPhoneSimulator
		{4C90A24C-5EF2-4F72-9AF3-E39AF497C385}.Ad-Hoc|iPhoneSimulator.Build.0 = Ad-Hoc|iPhoneSimulator
		{4C90A24C-5EF2-4F72-9AF3-E39AF497C385}.AppStore|Any CPU.ActiveCfg = AppStore|iPhone
		{4C90A24C-5EF2-4F72-9AF3-E39AF497C385}.AppStore|iPhone.ActiveCfg = AppStore|iPhone
		{4C90A24C-5EF2-4F72-9AF3-E39AF497C385}.AppStore|iPhone.Build.0 = AppStore|iPhone
		{4C90A24C-5EF2-4F72-9AF3-E39AF497C385}.AppStore|iPhoneSimulator.ActiveCfg = AppStore|iPhoneSimulator
		{4C90A24C-5EF2-4F72-9AF3-E39AF497C385}.AppStore|iPhoneSimulator.Build.0 = AppStore|iPhoneSimulator
		{4C90A24C-5EF2-4F72-9AF3-E39AF497C385}.Debug|Any CPU.ActiveCfg = Debug|iPhone
		{4C90A24C-5EF2-4F72-9AF3-E39AF497C385}.Debug|iPhone.ActiveCfg = Debug|iPhone
		{4C90A24C-5EF2-4F72-9AF3-E39AF497C385}.Debug|iPhone.Build.0 = Debug|iPhone
		{4C90A24C-5EF2-4F72-9AF3-E39AF497C385}.Debug|iPhoneSimulator.ActiveCfg = Debug|iPhoneSimulator
		{4C90A24C-5EF2-4F72-9AF3-E39AF497C385}.Debug|iPhoneSimulator.Build.0 = Debug|iPhoneSimulator
		{4C90A24C-5EF2-4F72-9AF3-E39AF497C385}.Release|Any CPU.ActiveCfg = Release|iPhone
		{4C90A24C-5EF2-4F72-9AF3-E39AF497C385}.Release|iPhone.ActiveCfg = Release|iPhone
		{4C90A24C-5EF2-4F72-9AF3-E39AF497C385}.Release|iPhone.Build.0 = Release|iPhone
		{4C90A24C-5EF2-4F72-9AF3-E39AF497C385}.Release|iPhoneSimulator.ActiveCfg = Release|iPhoneSimulator
		{4C90A24C-5EF2-4F72-9AF3-E39AF497C385}.Release|iPhoneSimulator.Build.0 = Release|iPhoneSimulator
	EndGlobalSection
	GlobalSection(SolutionProperties) = preSolution
		HideSolutionNode = FALSE
	EndGlobalSection
	GlobalSection(ExtensibilityGlobals) = postSolution
		SolutionGuid = {E1B47945-E7CE-4332-A2AA-3EAE9F65E61D}
	EndGlobalSection
EndGlobal
